
Microsoft Visual Studio Solution File, Format Version 12.00
# Visual Studio Version 16
VisualStudioVersion = 16.0.30104.148
MinimumVisualStudioVersion = 10.0.40219.1
Project("{FAE04EC0-301F-11D3-BF4B-00C04F79EFBC}") = "SaveSyncPlus", "SaveSyncPlus\SaveSyncPlus.csproj", "{05B201D1-6464-4032-8835-AE56B181C3FD}"
EndProject
Global
	GlobalSection(SolutionConfigurationPlatforms) = preSolution
		Debug|Any CPU = Debug|Any CPU
		Release|Any CPU = Release|Any CPU
	EndGlobalSection
	GlobalSection(ProjectConfigurationPlatforms) = postSolution
		{05B201D1-6464-4032-8835-AE56B181C3FD}.Debug|Any CPU.ActiveCfg = Debug|Any CPU
		{05B201D1-6464-4032-8835-AE56B181C3FD}.Debug|Any CPU.Build.0 = Debug|Any CPU
		{05B201D1-6464-4032-8835-AE56B181C3FD}.Release|Any CPU.ActiveCfg = Release|Any CPU
		{05B201D1-6464-4032-8835-AE56B181C3FD}.Release|Any CPU.Build.0 = Release|Any CPU
	EndGlobalSection
	GlobalSection(SolutionProperties) = preSolution
		HideSolutionNode = FALSE
	EndGlobalSection
	GlobalSection(ExtensibilityGlobals) = postSolution
		SolutionGuid = {B163E902-3D89-4970-B127-CC83ED78BA25}
	EndGlobalSection
EndGlobal
